
Microsoft Visual Studio Solution File, Format Version 12.00
# Visual Studio Version 16
VisualStudioVersion = 16.0.30717.126
MinimumVisualStudioVersion = 10.0.40219.1
Project("{FAE04EC0-301F-11D3-BF4B-00C04F79EFBC}") = "ch03-primitives", "ch03-primitives\ch03-primitives.csproj", "{4990FBF4-07F0-4BC6-9AFD-033C6AB219FD}"
EndProject
Global
	GlobalSection(SolutionConfigurationPlatforms) = preSolution
		Debug|Any CPU = Debug|Any CPU
		Release|Any CPU = Release|Any CPU
	EndGlobalSection
	GlobalSection(ProjectConfigurationPlatforms) = postSolution
		{4990FBF4-07F0-4BC6-9AFD-033C6AB219FD}.Debug|Any CPU.ActiveCfg = Debug|Any CPU
		{4990FBF4-07F0-4BC6-9AFD-033C6AB219FD}.Debug|Any CPU.Build.0 = Debug|Any CPU
		{4990FBF4-07F0-4BC6-9AFD-033C6AB219FD}.Release|Any CPU.ActiveCfg = Release|Any CPU
		{4990FBF4-07F0-4BC6-9AFD-033C6AB219FD}.Release|Any CPU.Build.0 = Release|Any CPU
	EndGlobalSection
	GlobalSection(SolutionProperties) = preSolution
		HideSolutionNode = FALSE
	EndGlobalSection
	GlobalSection(ExtensibilityGlobals) = postSolution
		SolutionGuid = {41142620-0D54-40A6-A1FC-DF1C4AF23018}
	EndGlobalSection
EndGlobal
