
Microsoft Visual Studio Solution File, Format Version 12.00
# Visual Studio Version 16
VisualStudioVersion = 16.0.30717.126
MinimumVisualStudioVersion = 10.0.40219.1
Project("{FAE04EC0-301F-11D3-BF4B-00C04F79EFBC}") = "cc03_PigDice", "cc03_PigDice\cc03_PigDice.csproj", "{6B4B4036-A8F2-4260-A750-3927618E05D3}"
EndProject
Global
	GlobalSection(SolutionConfigurationPlatforms) = preSolution
		Debug|Any CPU = Debug|Any CPU
		Release|Any CPU = Release|Any CPU
	EndGlobalSection
	GlobalSection(ProjectConfigurationPlatforms) = postSolution
		{6B4B4036-A8F2-4260-A750-3927618E05D3}.Debug|Any CPU.ActiveCfg = Debug|Any CPU
		{6B4B4036-A8F2-4260-A750-3927618E05D3}.Debug|Any CPU.Build.0 = Debug|Any CPU
		{6B4B4036-A8F2-4260-A750-3927618E05D3}.Release|Any CPU.ActiveCfg = Release|Any CPU
		{6B4B4036-A8F2-4260-A750-3927618E05D3}.Release|Any CPU.Build.0 = Release|Any CPU
	EndGlobalSection
	GlobalSection(SolutionProperties) = preSolution
		HideSolutionNode = FALSE
	EndGlobalSection
	GlobalSection(ExtensibilityGlobals) = postSolution
		SolutionGuid = {7B70AD77-1A49-4DBF-B8CD-7F7C65399D60}
	EndGlobalSection
EndGlobal
