
Microsoft Visual Studio Solution File, Format Version 12.00
# Visual Studio Version 16
VisualStudioVersion = 16.0.30717.126
MinimumVisualStudioVersion = 10.0.40219.1
Project("{FAE04EC0-301F-11D3-BF4B-00C04F79EFBC}") = "ch02-control-structures", "ch02-control-structures\ch02-control-structures.csproj", "{1B2BB940-28C4-4F1C-B6AF-E64A19F7C1C9}"
EndProject
Global
	GlobalSection(SolutionConfigurationPlatforms) = preSolution
		Debug|Any CPU = Debug|Any CPU
		Release|Any CPU = Release|Any CPU
	EndGlobalSection
	GlobalSection(ProjectConfigurationPlatforms) = postSolution
		{1B2BB940-28C4-4F1C-B6AF-E64A19F7C1C9}.Debug|Any CPU.ActiveCfg = Debug|Any CPU
		{1B2BB940-28C4-4F1C-B6AF-E64A19F7C1C9}.Debug|Any CPU.Build.0 = Debug|Any CPU
		{1B2BB940-28C4-4F1C-B6AF-E64A19F7C1C9}.Release|Any CPU.ActiveCfg = Release|Any CPU
		{1B2BB940-28C4-4F1C-B6AF-E64A19F7C1C9}.Release|Any CPU.Build.0 = Release|Any CPU
	EndGlobalSection
	GlobalSection(SolutionProperties) = preSolution
		HideSolutionNode = FALSE
	EndGlobalSection
	GlobalSection(ExtensibilityGlobals) = postSolution
		SolutionGuid = {B3A9A863-6B70-4731-A3B4-23B65799CBF1}
	EndGlobalSection
EndGlobal
