
Microsoft Visual Studio Solution File, Format Version 12.00
# Visual Studio Version 16
VisualStudioVersion = 16.0.30717.126
MinimumVisualStudioVersion = 10.0.40219.1
Project("{FAE04EC0-301F-11D3-BF4B-00C04F79EFBC}") = "ch03-switch-statement", "ch03-switch-statement\ch03-switch-statement.csproj", "{09C1E424-8DFF-48CD-A7F9-532BA7F30C58}"
EndProject
Global
	GlobalSection(SolutionConfigurationPlatforms) = preSolution
		Debug|Any CPU = Debug|Any CPU
		Release|Any CPU = Release|Any CPU
	EndGlobalSection
	GlobalSection(ProjectConfigurationPlatforms) = postSolution
		{09C1E424-8DFF-48CD-A7F9-532BA7F30C58}.Debug|Any CPU.ActiveCfg = Debug|Any CPU
		{09C1E424-8DFF-48CD-A7F9-532BA7F30C58}.Debug|Any CPU.Build.0 = Debug|Any CPU
		{09C1E424-8DFF-48CD-A7F9-532BA7F30C58}.Release|Any CPU.ActiveCfg = Release|Any CPU
		{09C1E424-8DFF-48CD-A7F9-532BA7F30C58}.Release|Any CPU.Build.0 = Release|Any CPU
	EndGlobalSection
	GlobalSection(SolutionProperties) = preSolution
		HideSolutionNode = FALSE
	EndGlobalSection
	GlobalSection(ExtensibilityGlobals) = postSolution
		SolutionGuid = {096A39FE-835E-449E-9351-BBE5109362CE}
	EndGlobalSection
EndGlobal
