
Microsoft Visual Studio Solution File, Format Version 12.00
# Visual Studio Version 16
VisualStudioVersion = 16.0.30717.126
MinimumVisualStudioVersion = 10.0.40219.1
Project("{FAE04EC0-301F-11D3-BF4B-00C04F79EFBC}") = "ch07-ProjectManager", "ch07-ProjectManager\ch07-ProjectManager.csproj", "{8301ADDE-9B55-4BB0-948F-DFD59BDF09AF}"
EndProject
Global
	GlobalSection(SolutionConfigurationPlatforms) = preSolution
		Debug|Any CPU = Debug|Any CPU
		Release|Any CPU = Release|Any CPU
	EndGlobalSection
	GlobalSection(ProjectConfigurationPlatforms) = postSolution
		{8301ADDE-9B55-4BB0-948F-DFD59BDF09AF}.Debug|Any CPU.ActiveCfg = Debug|Any CPU
		{8301ADDE-9B55-4BB0-948F-DFD59BDF09AF}.Debug|Any CPU.Build.0 = Debug|Any CPU
		{8301ADDE-9B55-4BB0-948F-DFD59BDF09AF}.Release|Any CPU.ActiveCfg = Release|Any CPU
		{8301ADDE-9B55-4BB0-948F-DFD59BDF09AF}.Release|Any CPU.Build.0 = Release|Any CPU
	EndGlobalSection
	GlobalSection(SolutionProperties) = preSolution
		HideSolutionNode = FALSE
	EndGlobalSection
	GlobalSection(ExtensibilityGlobals) = postSolution
		SolutionGuid = {F894E702-2963-4AF3-B120-0682B3CEBE1F}
	EndGlobalSection
EndGlobal
