
Microsoft Visual Studio Solution File, Format Version 12.00
# Visual Studio Version 16
VisualStudioVersion = 16.0.30717.126
MinimumVisualStudioVersion = 10.0.40219.1
Project("{FAE04EC0-301F-11D3-BF4B-00C04F79EFBC}") = "ch12-ListAndDictionary", "ch12-ListAndDictionary\ch12-ListAndDictionary.csproj", "{5969EF6E-4D85-408D-8A40-4BE160457046}"
EndProject
Global
	GlobalSection(SolutionConfigurationPlatforms) = preSolution
		Debug|Any CPU = Debug|Any CPU
		Release|Any CPU = Release|Any CPU
	EndGlobalSection
	GlobalSection(ProjectConfigurationPlatforms) = postSolution
		{5969EF6E-4D85-408D-8A40-4BE160457046}.Debug|Any CPU.ActiveCfg = Debug|Any CPU
		{5969EF6E-4D85-408D-8A40-4BE160457046}.Debug|Any CPU.Build.0 = Debug|Any CPU
		{5969EF6E-4D85-408D-8A40-4BE160457046}.Release|Any CPU.ActiveCfg = Release|Any CPU
		{5969EF6E-4D85-408D-8A40-4BE160457046}.Release|Any CPU.Build.0 = Release|Any CPU
	EndGlobalSection
	GlobalSection(SolutionProperties) = preSolution
		HideSolutionNode = FALSE
	EndGlobalSection
	GlobalSection(ExtensibilityGlobals) = postSolution
		SolutionGuid = {2BE20CBF-0A4D-49A8-B46B-DC328C732DA3}
	EndGlobalSection
EndGlobal
